
Microsoft Visual Studio Solution File, Format Version 12.00
# Visual Studio 15
VisualStudioVersion = 15.0.33529.398
MinimumVisualStudioVersion = 10.0.40219.1
Project("{FAE04EC0-301F-11D3-BF4B-00C04F79EFBC}") = "convertidor de temperaturas", "convertidor de temperaturas\convertidor de temperaturas.csproj", "{62B2257D-13DA-4053-8D91-DFE5DE15A4B1}"
EndProject
Global
	GlobalSection(SolutionConfigurationPlatforms) = preSolution
		Debug|Any CPU = Debug|Any CPU
		Release|Any CPU = Release|Any CPU
	EndGlobalSection
	GlobalSection(ProjectConfigurationPlatforms) = postSolution
		{62B2257D-13DA-4053-8D91-DFE5DE15A4B1}.Debug|Any CPU.ActiveCfg = Debug|Any CPU
		{62B2257D-13DA-4053-8D91-DFE5DE15A4B1}.Debug|Any CPU.Build.0 = Debug|Any CPU
		{62B2257D-13DA-4053-8D91-DFE5DE15A4B1}.Release|Any CPU.ActiveCfg = Release|Any CPU
		{62B2257D-13DA-4053-8D91-DFE5DE15A4B1}.Release|Any CPU.Build.0 = Release|Any CPU
	EndGlobalSection
	GlobalSection(SolutionProperties) = preSolution
		HideSolutionNode = FALSE
	EndGlobalSection
	GlobalSection(ExtensibilityGlobals) = postSolution
		SolutionGuid = {65205F60-CFBD-46D7-97D8-C479CEE9EFCD}
	EndGlobalSection
EndGlobal
